// !$*UTF8*$!
{
	archiveVersion = 1;
	classes = {
	};
	objectVersion = 55;
	objects = {

/* Begin PBXBuildFile section */
		320CC28D2B912E11009F8735 /* AppDelegate.swift in Sources */ = {isa = PBXBuildFile; fileRef = 320CC28C2B912E11009F8735 /* AppDelegate.swift */; };
		320CC28F2B912E11009F8735 /* SceneDelegate.swift in Sources */ = {isa = PBXBuildFile; fileRef = 320CC28E2B912E11009F8735 /* SceneDelegate.swift */; };
		320CC2912B912E11009F8735 /* ViewController.swift in Sources */ = {isa = PBXBuildFile; fileRef = 320CC2902B912E11009F8735 /* ViewController.swift */; };
		320CC2942B912E11009F8735 /* Main.storyboard in Resources */ = {isa = PBXBuildFile; fileRef = 320CC2922B912E11009F8735 /* Main.storyboard */; };
		320CC2962B912E12009F8735 /* Assets.xcassets in Resources */ = {isa = PBXBuildFile; fileRef = 320CC2952B912E12009F8735 /* Assets.xcassets */; };
		320CC2992B912E12009F8735 /* LaunchScreen.storyboard in Resources */ = {isa = PBXBuildFile; fileRef = 320CC2972B912E12009F8735 /* LaunchScreen.storyboard */; };
		320CC29F2B912EC2009F8735 /* Utils.swift in Sources */ = {isa = PBXBuildFile; fileRef = 320CC29E2B912EC2009F8735 /* Utils.swift */; };
		320CC2A52B912EE6009F8735 /* HTTPValidation.swift in Sources */ = {isa = PBXBuildFile; fileRef = 320CC2A12B912EE6009F8735 /* HTTPValidation.swift */; };
		320CC2A62B912EE6009F8735 /* Config.swift in Sources */ = {isa = PBXBuildFile; fileRef = 320CC2A22B912EE6009F8735 /* Config.swift */; };
		320CC2A72B912EE6009F8735 /* Routing.swift in Sources */ = {isa = PBXBuildFile; fileRef = 320CC2A32B912EE6009F8735 /* Routing.swift */; };
		320CC2A82B912EE6009F8735 /* DataFetcher.swift in Sources */ = {isa = PBXBuildFile; fileRef = 320CC2A42B912EE6009F8735 /* DataFetcher.swift */; };
		320CC2A92B912FAC009F8735 /* Logix.framework in Frameworks */ = {isa = PBXBuildFile; fileRef = 52D6D97C1BEFF229002C0205 /* Logix.framework */; };
		320CC2AA2B912FAC009F8735 /* Logix.framework in Embed Frameworks */ = {isa = PBXBuildFile; fileRef = 52D6D97C1BEFF229002C0205 /* Logix.framework */; settings = {ATTRIBUTES = (CodeSignOnCopy, RemoveHeadersOnCopy, ); }; };
		320CC2B52B91A50A009F8735 /* LogixProApp.swift in Sources */ = {isa = PBXBuildFile; fileRef = 320CC2B42B91A50A009F8735 /* LogixProApp.swift */; };
		320CC2B72B91A50A009F8735 /* RequestListView.swift in Sources */ = {isa = PBXBuildFile; fileRef = 320CC2B62B91A50A009F8735 /* RequestListView.swift */; };
		320CC2B92B91A50B009F8735 /* Assets.xcassets in Resources */ = {isa = PBXBuildFile; fileRef = 320CC2B82B91A50B009F8735 /* Assets.xcassets */; };
		320CC2BC2B91A50B009F8735 /* Preview Assets.xcassets in Resources */ = {isa = PBXBuildFile; fileRef = 320CC2BB2B91A50B009F8735 /* Preview Assets.xcassets */; };
		320CC2CD2B91AB4B009F8735 /* RequestModel.swift in Sources */ = {isa = PBXBuildFile; fileRef = 320CC2CC2B91AB4B009F8735 /* RequestModel.swift */; };
		320CC2CF2B91C5FC009F8735 /* SidebarView.swift in Sources */ = {isa = PBXBuildFile; fileRef = 320CC2CE2B91C5FC009F8735 /* SidebarView.swift */; };
		320CC2D12B91C807009F8735 /* AppSection.swift in Sources */ = {isa = PBXBuildFile; fileRef = 320CC2D02B91C807009F8735 /* AppSection.swift */; };
		320CC2D32B91CD64009F8735 /* MainContentView.swift in Sources */ = {isa = PBXBuildFile; fileRef = 320CC2D22B91CD64009F8735 /* MainContentView.swift */; };
		320CC2D52B91F0E3009F8735 /* DetailRequest.swift in Sources */ = {isa = PBXBuildFile; fileRef = 320CC2D42B91F0E3009F8735 /* DetailRequest.swift */; };
		320CC2DA2B9204AD009F8735 /* LogixEditCommands.swift in Sources */ = {isa = PBXBuildFile; fileRef = 320CC2D92B9204AD009F8735 /* LogixEditCommands.swift */; };
		320CC2DC2B9204F0009F8735 /* MainCommands.swift in Sources */ = {isa = PBXBuildFile; fileRef = 320CC2DB2B9204F0009F8735 /* MainCommands.swift */; };
		326677E62B96F3C70097F3F0 /* DetailHeaderView.swift in Sources */ = {isa = PBXBuildFile; fileRef = 326677E52B96F3C70097F3F0 /* DetailHeaderView.swift */; };
		326677E82B970BBE0097F3F0 /* HeaderRequestDetailView.swift in Sources */ = {isa = PBXBuildFile; fileRef = 326677E72B970BBE0097F3F0 /* HeaderRequestDetailView.swift */; };
		327C506C28E818BD00BEBBDD /* AnalyticsModel.swift in Sources */ = {isa = PBXBuildFile; fileRef = 327C506B28E818BD00BEBBDD /* AnalyticsModel.swift */; };
		327C506F28E8253E00BEBBDD /* AnaliticsCell.swift in Sources */ = {isa = PBXBuildFile; fileRef = 327C506D28E8253E00BEBBDD /* AnaliticsCell.swift */; };
		327C507028E8253E00BEBBDD /* AnaliticsCell.xib in Resources */ = {isa = PBXBuildFile; fileRef = 327C506E28E8253E00BEBBDD /* AnaliticsCell.xib */; };
		329C5F662B9277680019C20F /* PressActionsModifier.swift in Sources */ = {isa = PBXBuildFile; fileRef = 329C5F652B9277680019C20F /* PressActionsModifier.swift */; };
		329C5F682B92779B0019C20F /* SegmentedControl.swift in Sources */ = {isa = PBXBuildFile; fileRef = 329C5F672B92779B0019C20F /* SegmentedControl.swift */; };
		32A2F3DA295B4D2200A2B74B /* AnalyticsDetailViewController.swift in Sources */ = {isa = PBXBuildFile; fileRef = 32A2F3D9295B4D2200A2B74B /* AnalyticsDetailViewController.swift */; };
		32C4E2B528E831F400702271 /* Extension_UIColor.swift in Sources */ = {isa = PBXBuildFile; fileRef = 32C4E2B428E831F400702271 /* Extension_UIColor.swift */; };
		32F0CDD52B945A3B00264A5D /* Client.swift in Sources */ = {isa = PBXBuildFile; fileRef = 32F0CDD12B945A3B00264A5D /* Client.swift */; };
		32F0CDD62B945A3B00264A5D /* Server.swift in Sources */ = {isa = PBXBuildFile; fileRef = 32F0CDD22B945A3B00264A5D /* Server.swift */; };
		32F0CDD72B945A3B00264A5D /* Browser.swift in Sources */ = {isa = PBXBuildFile; fileRef = 32F0CDD32B945A3B00264A5D /* Browser.swift */; };
		32F0CDD82B945A3B00264A5D /* Connection.swift in Sources */ = {isa = PBXBuildFile; fileRef = 32F0CDD42B945A3B00264A5D /* Connection.swift */; };
		32F0CDE12B945BC100264A5D /* Connection.swift in Sources */ = {isa = PBXBuildFile; fileRef = 32F0CDDD2B945BC100264A5D /* Connection.swift */; };
		32F0CDE22B945BC100264A5D /* Client.swift in Sources */ = {isa = PBXBuildFile; fileRef = 32F0CDDE2B945BC100264A5D /* Client.swift */; };
		32F0CDE32B945BC100264A5D /* Server.swift in Sources */ = {isa = PBXBuildFile; fileRef = 32F0CDDF2B945BC100264A5D /* Server.swift */; };
		32F0CDE42B945BC100264A5D /* Browser.swift in Sources */ = {isa = PBXBuildFile; fileRef = 32F0CDE02B945BC100264A5D /* Browser.swift */; };
		32F0CDE62B945BD600264A5D /* Logs.swift in Sources */ = {isa = PBXBuildFile; fileRef = 32F0CDDA2B945A9D00264A5D /* Logs.swift */; };
		32F0CDF02B94B31400264A5D /* Storage.swift in Sources */ = {isa = PBXBuildFile; fileRef = 32F0CDEF2B94B31400264A5D /* Storage.swift */; };
		32F0CDF22B94B39C00264A5D /* Config.swift in Sources */ = {isa = PBXBuildFile; fileRef = 32F0CDF12B94B39C00264A5D /* Config.swift */; };
		32F0CDF92B96183E00264A5D /* ApplicationView.swift in Sources */ = {isa = PBXBuildFile; fileRef = 32F0CDF82B96183E00264A5D /* ApplicationView.swift */; };
		32F0CDFB2B96214C00264A5D /* PhoneView.swift in Sources */ = {isa = PBXBuildFile; fileRef = 32F0CDFA2B96214C00264A5D /* PhoneView.swift */; };
		32F0CDFE2B96570E00264A5D /* HeaderMenuDetailView.swift in Sources */ = {isa = PBXBuildFile; fileRef = 32F0CDFD2B96570E00264A5D /* HeaderMenuDetailView.swift */; };
		32F0CE022B965A7900264A5D /* DetailJsonView.swift in Sources */ = {isa = PBXBuildFile; fileRef = 32F0CE012B965A7900264A5D /* DetailJsonView.swift */; };
		32F0CE042B96671500264A5D /* DetailCurlView.swift in Sources */ = {isa = PBXBuildFile; fileRef = 32F0CE032B96671500264A5D /* DetailCurlView.swift */; };
		32F0CE072B966A2D00264A5D /* Double+Extension.swift in Sources */ = {isa = PBXBuildFile; fileRef = 32F0CE062B966A2D00264A5D /* Double+Extension.swift */; };
		451C9E552080E5E4002A34BC /* Flow.storyboard in Resources */ = {isa = PBXBuildFile; fileRef = 451C9E542080E5E4002A34BC /* Flow.storyboard */; };
		451C9E582080E607002A34BC /* LogixNavigationController.swift in Sources */ = {isa = PBXBuildFile; fileRef = 451C9E572080E607002A34BC /* LogixNavigationController.swift */; };
		451C9E5A2080E8D2002A34BC /* LogixBaseViewController.swift in Sources */ = {isa = PBXBuildFile; fileRef = 451C9E592080E8D2002A34BC /* LogixBaseViewController.swift */; };
		451C9E5E2080EFF5002A34BC /* Config.swift in Sources */ = {isa = PBXBuildFile; fileRef = 451C9E5D2080EFF5002A34BC /* Config.swift */; };
		451C9E602080F653002A34BC /* LogixBundle.swift in Sources */ = {isa = PBXBuildFile; fileRef = 451C9E5F2080F653002A34BC /* LogixBundle.swift */; };
		451C9E6320810472002A34BC /* RequestCell.xib in Resources */ = {isa = PBXBuildFile; fileRef = 451C9E6220810472002A34BC /* RequestCell.xib */; };
		451C9E65208106D1002A34BC /* LogixLabel.swift in Sources */ = {isa = PBXBuildFile; fileRef = 451C9E64208106D1002A34BC /* LogixLabel.swift */; };
		451C9E6720810B4C002A34BC /* RequestCell.swift in Sources */ = {isa = PBXBuildFile; fileRef = 451C9E6620810B4C002A34BC /* RequestCell.swift */; };
		451C9E6920810B98002A34BC /* LogixCollectionView.swift in Sources */ = {isa = PBXBuildFile; fileRef = 451C9E6820810B98002A34BC /* LogixCollectionView.swift */; };
		451C9E6B20810BBD002A34BC /* RequestsViewController.swift in Sources */ = {isa = PBXBuildFile; fileRef = 451C9E6A20810BBD002A34BC /* RequestsViewController.swift */; };
		452CC1322175FDB200CB5E21 /* CustomActivity.swift in Sources */ = {isa = PBXBuildFile; fileRef = 452CC1312175FDB200CB5E21 /* CustomActivity.swift */; };
		452CC13421773BF600CB5E21 /* FileHandler.swift in Sources */ = {isa = PBXBuildFile; fileRef = 452CC13321773BF600CB5E21 /* FileHandler.swift */; };
		452CC13621773DE500CB5E21 /* Assets.xcassets in Resources */ = {isa = PBXBuildFile; fileRef = 452CC13521773DE500CB5E21 /* Assets.xcassets */; };
		453A167720ED1B02001CEB9D /* LogixString.swift in Sources */ = {isa = PBXBuildFile; fileRef = 453A167620ED1B02001CEB9D /* LogixString.swift */; };
		454BBA382087B66200EB13E9 /* RequestModelBeautifier.swift in Sources */ = {isa = PBXBuildFile; fileRef = 454BBA372087B66200EB13E9 /* RequestModelBeautifier.swift */; };
		455818C3207D61A100D2F954 /* CustomHTTPProtocol.swift in Sources */ = {isa = PBXBuildFile; fileRef = 455818C1207D61A100D2F954 /* CustomHTTPProtocol.swift */; };
		455818C4207D61A100D2F954 /* Storage.swift in Sources */ = {isa = PBXBuildFile; fileRef = 455818C2207D61A100D2F954 /* Storage.swift */; };
		455818C9207D621200D2F954 /* RequestModel.swift in Sources */ = {isa = PBXBuildFile; fileRef = 455818C8207D621200D2F954 /* RequestModel.swift */; };
		455818D5207D64A900D2F954 /* LogixMethodSwizzling.m in Sources */ = {isa = PBXBuildFile; fileRef = 455818CF207D64A800D2F954 /* LogixMethodSwizzling.m */; };
		455818D6207D64A900D2F954 /* NSURLSessionConfiguration+Logix.m in Sources */ = {isa = PBXBuildFile; fileRef = 455818D0207D64A800D2F954 /* NSURLSessionConfiguration+Logix.m */; };
		455818D9207D64A900D2F954 /* NSURLSessionConfiguration+Logix.h in Headers */ = {isa = PBXBuildFile; fileRef = 455818D3207D64A800D2F954 /* NSURLSessionConfiguration+Logix.h */; settings = {ATTRIBUTES = (Public, ); }; };
		455818DA207D64A900D2F954 /* LogixMethodSwizzling.h in Headers */ = {isa = PBXBuildFile; fileRef = 455818D4207D64A800D2F954 /* LogixMethodSwizzling.h */; settings = {ATTRIBUTES = (Public, ); }; };
		457202A6244CA7BE0020AA2A /* Postman_demo_collection.json in Resources */ = {isa = PBXBuildFile; fileRef = 457202A5244CA7BE0020AA2A /* Postman_demo_collection.json */; };
		45820CF6208170F400CA74D6 /* Colors.swift in Sources */ = {isa = PBXBuildFile; fileRef = 45820CF5208170F400CA74D6 /* Colors.swift */; };
		45868F1420F4E2B10024C77B /* BodyDetailViewController.swift in Sources */ = {isa = PBXBuildFile; fileRef = 45868F1320F4E2B10024C77B /* BodyDetailViewController.swift */; };
		45868F1B20F4E9790024C77B /* ActionableTableViewCell.swift in Sources */ = {isa = PBXBuildFile; fileRef = 45868F1920F4E9790024C77B /* ActionableTableViewCell.swift */; };
		45868F1C20F4E9790024C77B /* ActionableTableViewCell.xib in Resources */ = {isa = PBXBuildFile; fileRef = 45868F1A20F4E9790024C77B /* ActionableTableViewCell.xib */; };
		45BE33CD258787AB000AEA0E /* InputStream+Utils.swift in Sources */ = {isa = PBXBuildFile; fileRef = 45BE33CC258787AB000AEA0E /* InputStream+Utils.swift */; };
		45C4F4EB20860D14007D0D17 /* LogixTableView.swift in Sources */ = {isa = PBXBuildFile; fileRef = 45C4F4EA20860D14007D0D17 /* LogixTableView.swift */; };
		45C4F4F020860DC0007D0D17 /* TextTableViewCell.swift in Sources */ = {isa = PBXBuildFile; fileRef = 45C4F4EE20860DC0007D0D17 /* TextTableViewCell.swift */; };
		45C4F4F120860DC0007D0D17 /* TextTableViewCell.xib in Resources */ = {isa = PBXBuildFile; fileRef = 45C4F4EF20860DC0007D0D17 /* TextTableViewCell.xib */; };
		45C4F4F320860FBC007D0D17 /* LogixTextView.swift in Sources */ = {isa = PBXBuildFile; fileRef = 45C4F4F220860FBC007D0D17 /* LogixTextView.swift */; };
		45C51A1820A20B38006933CE /* Logix.h in Headers */ = {isa = PBXBuildFile; fileRef = 45C51A1720A20B38006933CE /* Logix.h */; settings = {ATTRIBUTES = (Public, ); }; };
		45DB6DAF2083E738009494AE /* RequestDetailViewController.swift in Sources */ = {isa = PBXBuildFile; fileRef = 45DB6DAE2083E738009494AE /* RequestDetailViewController.swift */; };
		45FF5C4A20875EFA0084BD50 /* LogixView.swift in Sources */ = {isa = PBXBuildFile; fileRef = 45FF5C4920875EFA0084BD50 /* LogixView.swift */; };
		45FF5C4C20875F710084BD50 /* RequestTitleSectionView.swift in Sources */ = {isa = PBXBuildFile; fileRef = 45FF5C4B20875F710084BD50 /* RequestTitleSectionView.swift */; };
		45FF5C4E20875F770084BD50 /* RequestTitleSectionView.xib in Resources */ = {isa = PBXBuildFile; fileRef = 45FF5C4D20875F770084BD50 /* RequestTitleSectionView.xib */; };
		45FF5C5220877A950084BD50 /* Section.swift in Sources */ = {isa = PBXBuildFile; fileRef = 45FF5C5120877A950084BD50 /* Section.swift */; };
		45FF5C54208794720084BD50 /* LogixDate.swift in Sources */ = {isa = PBXBuildFile; fileRef = 45FF5C53208794720084BD50 /* LogixDate.swift */; };
		64DD525A23F84A5F00AB92C4 /* RequestResponseExportOption.swift in Sources */ = {isa = PBXBuildFile; fileRef = 64DD525923F84A5F00AB92C4 /* RequestResponseExportOption.swift */; };
		64DD525C23F86B3D00AB92C4 /* ShareUtils.swift in Sources */ = {isa = PBXBuildFile; fileRef = 64DD525B23F86B3D00AB92C4 /* ShareUtils.swift */; };
		64DD527023F9B7FB00AB92C4 /* Postman.swift in Sources */ = {isa = PBXBuildFile; fileRef = 64DD526F23F9B7FB00AB92C4 /* Postman.swift */; };
		8933C7851EB5B820000D00A4 /* Logix.swift in Sources */ = {isa = PBXBuildFile; fileRef = 8933C7841EB5B820000D00A4 /* Logix.swift */; };
/* End PBXBuildFile section */

/* Begin PBXContainerItemProxy section */
		320CC2AB2B912FAC009F8735 /* PBXContainerItemProxy */ = {
			isa = PBXContainerItemProxy;
			containerPortal = 52D6D9731BEFF229002C0205 /* Project object */;
			proxyType = 1;
			remoteGlobalIDString = 52D6D97B1BEFF229002C0205;
			remoteInfo = "Logix-iOS";
		};
/* End PBXContainerItemProxy section */

/* Begin PBXCopyFilesBuildPhase section */
		320CC2AD2B912FAC009F8735 /* Embed Frameworks */ = {
			isa = PBXCopyFilesBuildPhase;
			buildActionMask = 2147483647;
			dstPath = "";
			dstSubfolderSpec = 10;
			files = (
				320CC2AA2B912FAC009F8735 /* Logix.framework in Embed Frameworks */,
			);
			name = "Embed Frameworks";
			runOnlyForDeploymentPostprocessing = 0;
		};
/* End PBXCopyFilesBuildPhase section */

/* Begin PBXFileReference section */
		320CC28A2B912E11009F8735 /* LogixDemo.app */ = {isa = PBXFileReference; explicitFileType = wrapper.application; includeInIndex = 0; path = LogixDemo.app; sourceTree = BUILT_PRODUCTS_DIR; };
		320CC28C2B912E11009F8735 /* AppDelegate.swift */ = {isa = PBXFileReference; lastKnownFileType = sourcecode.swift; path = AppDelegate.swift; sourceTree = "<group>"; };
		320CC28E2B912E11009F8735 /* SceneDelegate.swift */ = {isa = PBXFileReference; lastKnownFileType = sourcecode.swift; path = SceneDelegate.swift; sourceTree = "<group>"; };
		320CC2902B912E11009F8735 /* ViewController.swift */ = {isa = PBXFileReference; lastKnownFileType = sourcecode.swift; path = ViewController.swift; sourceTree = "<group>"; };
		320CC2932B912E11009F8735 /* Base */ = {isa = PBXFileReference; lastKnownFileType = file.storyboard; name = Base; path = Base.lproj/Main.storyboard; sourceTree = "<group>"; };
		320CC2952B912E12009F8735 /* Assets.xcassets */ = {isa = PBXFileReference; lastKnownFileType = folder.assetcatalog; path = Assets.xcassets; sourceTree = "<group>"; };
		320CC2982B912E12009F8735 /* Base */ = {isa = PBXFileReference; lastKnownFileType = file.storyboard; name = Base; path = Base.lproj/LaunchScreen.storyboard; sourceTree = "<group>"; };
		320CC29A2B912E12009F8735 /* Info.plist */ = {isa = PBXFileReference; lastKnownFileType = text.plist.xml; path = Info.plist; sourceTree = "<group>"; };
		320CC29E2B912EC2009F8735 /* Utils.swift */ = {isa = PBXFileReference; fileEncoding = 4; lastKnownFileType = sourcecode.swift; path = Utils.swift; sourceTree = "<group>"; };
		320CC2A12B912EE6009F8735 /* HTTPValidation.swift */ = {isa = PBXFileReference; fileEncoding = 4; lastKnownFileType = sourcecode.swift; path = HTTPValidation.swift; sourceTree = "<group>"; };
		320CC2A22B912EE6009F8735 /* Config.swift */ = {isa = PBXFileReference; fileEncoding = 4; lastKnownFileType = sourcecode.swift; path = Config.swift; sourceTree = "<group>"; };
		320CC2A32B912EE6009F8735 /* Routing.swift */ = {isa = PBXFileReference; fileEncoding = 4; lastKnownFileType = sourcecode.swift; path = Routing.swift; sourceTree = "<group>"; };
		320CC2A42B912EE6009F8735 /* DataFetcher.swift */ = {isa = PBXFileReference; fileEncoding = 4; lastKnownFileType = sourcecode.swift; path = DataFetcher.swift; sourceTree = "<group>"; };
		320CC2B22B91A50A009F8735 /* LogixPro.app */ = {isa = PBXFileReference; explicitFileType = wrapper.application; includeInIndex = 0; path = LogixPro.app; sourceTree = BUILT_PRODUCTS_DIR; };
		320CC2B42B91A50A009F8735 /* LogixProApp.swift */ = {isa = PBXFileReference; lastKnownFileType = sourcecode.swift; path = LogixProApp.swift; sourceTree = "<group>"; };
		320CC2B62B91A50A009F8735 /* RequestListView.swift */ = {isa = PBXFileReference; lastKnownFileType = sourcecode.swift; path = RequestListView.swift; sourceTree = "<group>"; };
		320CC2B82B91A50B009F8735 /* Assets.xcassets */ = {isa = PBXFileReference; lastKnownFileType = folder.assetcatalog; path = Assets.xcassets; sourceTree = "<group>"; };
		320CC2BB2B91A50B009F8735 /* Preview Assets.xcassets */ = {isa = PBXFileReference; lastKnownFileType = folder.assetcatalog; path = "Preview Assets.xcassets"; sourceTree = "<group>"; };
		320CC2BD2B91A50B009F8735 /* LogixPro.entitlements */ = {isa = PBXFileReference; lastKnownFileType = text.plist.entitlements; path = LogixPro.entitlements; sourceTree = "<group>"; };
		320CC2CC2B91AB4B009F8735 /* RequestModel.swift */ = {isa = PBXFileReference; lastKnownFileType = sourcecode.swift; path = RequestModel.swift; sourceTree = "<group>"; };
		320CC2CE2B91C5FC009F8735 /* SidebarView.swift */ = {isa = PBXFileReference; lastKnownFileType = sourcecode.swift; path = SidebarView.swift; sourceTree = "<group>"; };
		320CC2D02B91C807009F8735 /* AppSection.swift */ = {isa = PBXFileReference; lastKnownFileType = sourcecode.swift; path = AppSection.swift; sourceTree = "<group>"; };
		320CC2D22B91CD64009F8735 /* MainContentView.swift */ = {isa = PBXFileReference; lastKnownFileType = sourcecode.swift; path = MainContentView.swift; sourceTree = "<group>"; };
		320CC2D42B91F0E3009F8735 /* DetailRequest.swift */ = {isa = PBXFileReference; lastKnownFileType = sourcecode.swift; path = DetailRequest.swift; sourceTree = "<group>"; };
		320CC2D92B9204AD009F8735 /* LogixEditCommands.swift */ = {isa = PBXFileReference; lastKnownFileType = sourcecode.swift; path = LogixEditCommands.swift; sourceTree = "<group>"; };
		320CC2DB2B9204F0009F8735 /* MainCommands.swift */ = {isa = PBXFileReference; lastKnownFileType = sourcecode.swift; path = MainCommands.swift; sourceTree = "<group>"; };
		326677E52B96F3C70097F3F0 /* DetailHeaderView.swift */ = {isa = PBXFileReference; lastKnownFileType = sourcecode.swift; path = DetailHeaderView.swift; sourceTree = "<group>"; };
		326677E72B970BBE0097F3F0 /* HeaderRequestDetailView.swift */ = {isa = PBXFileReference; lastKnownFileType = sourcecode.swift; path = HeaderRequestDetailView.swift; sourceTree = "<group>"; };
		327C506B28E818BD00BEBBDD /* AnalyticsModel.swift */ = {isa = PBXFileReference; lastKnownFileType = sourcecode.swift; path = AnalyticsModel.swift; sourceTree = "<group>"; };
		327C506D28E8253E00BEBBDD /* AnaliticsCell.swift */ = {isa = PBXFileReference; lastKnownFileType = sourcecode.swift; path = AnaliticsCell.swift; sourceTree = "<group>"; };
		327C506E28E8253E00BEBBDD /* AnaliticsCell.xib */ = {isa = PBXFileReference; lastKnownFileType = file.xib; path = AnaliticsCell.xib; sourceTree = "<group>"; };
		329C5F652B9277680019C20F /* PressActionsModifier.swift */ = {isa = PBXFileReference; fileEncoding = 4; lastKnownFileType = sourcecode.swift; path = PressActionsModifier.swift; sourceTree = "<group>"; };
		329C5F672B92779B0019C20F /* SegmentedControl.swift */ = {isa = PBXFileReference; fileEncoding = 4; lastKnownFileType = sourcecode.swift; path = SegmentedControl.swift; sourceTree = "<group>"; };
		32A2F3D9295B4D2200A2B74B /* AnalyticsDetailViewController.swift */ = {isa = PBXFileReference; lastKnownFileType = sourcecode.swift; path = AnalyticsDetailViewController.swift; sourceTree = "<group>"; };
		32C4E2B428E831F400702271 /* Extension_UIColor.swift */ = {isa = PBXFileReference; lastKnownFileType = sourcecode.swift; path = Extension_UIColor.swift; sourceTree = "<group>"; };
		32F0CDD12B945A3B00264A5D /* Client.swift */ = {isa = PBXFileReference; fileEncoding = 4; lastKnownFileType = sourcecode.swift; path = Client.swift; sourceTree = "<group>"; };
		32F0CDD22B945A3B00264A5D /* Server.swift */ = {isa = PBXFileReference; fileEncoding = 4; lastKnownFileType = sourcecode.swift; path = Server.swift; sourceTree = "<group>"; };
		32F0CDD32B945A3B00264A5D /* Browser.swift */ = {isa = PBXFileReference; fileEncoding = 4; lastKnownFileType = sourcecode.swift; path = Browser.swift; sourceTree = "<group>"; };
		32F0CDD42B945A3B00264A5D /* Connection.swift */ = {isa = PBXFileReference; fileEncoding = 4; lastKnownFileType = sourcecode.swift; path = Connection.swift; sourceTree = "<group>"; };
		32F0CDDA2B945A9D00264A5D /* Logs.swift */ = {isa = PBXFileReference; lastKnownFileType = sourcecode.swift; path = Logs.swift; sourceTree = "<group>"; };
		32F0CDDD2B945BC100264A5D /* Connection.swift */ = {isa = PBXFileReference; fileEncoding = 4; lastKnownFileType = sourcecode.swift; path = Connection.swift; sourceTree = "<group>"; };
		32F0CDDE2B945BC100264A5D /* Client.swift */ = {isa = PBXFileReference; fileEncoding = 4; lastKnownFileType = sourcecode.swift; path = Client.swift; sourceTree = "<group>"; };
		32F0CDDF2B945BC100264A5D /* Server.swift */ = {isa = PBXFileReference; fileEncoding = 4; lastKnownFileType = sourcecode.swift; path = Server.swift; sourceTree = "<group>"; };
		32F0CDE02B945BC100264A5D /* Browser.swift */ = {isa = PBXFileReference; fileEncoding = 4; lastKnownFileType = sourcecode.swift; path = Browser.swift; sourceTree = "<group>"; };
		32F0CDE72B945F7600264A5D /* Info.plist */ = {isa = PBXFileReference; lastKnownFileType = text.plist; path = Info.plist; sourceTree = "<group>"; };
		32F0CDEF2B94B31400264A5D /* Storage.swift */ = {isa = PBXFileReference; lastKnownFileType = sourcecode.swift; path = Storage.swift; sourceTree = "<group>"; };
		32F0CDF12B94B39C00264A5D /* Config.swift */ = {isa = PBXFileReference; lastKnownFileType = sourcecode.swift; path = Config.swift; sourceTree = "<group>"; };
		32F0CDF82B96183E00264A5D /* ApplicationView.swift */ = {isa = PBXFileReference; lastKnownFileType = sourcecode.swift; path = ApplicationView.swift; sourceTree = "<group>"; };
		32F0CDFA2B96214C00264A5D /* PhoneView.swift */ = {isa = PBXFileReference; lastKnownFileType = sourcecode.swift; path = PhoneView.swift; sourceTree = "<group>"; };
		32F0CDFD2B96570E00264A5D /* HeaderMenuDetailView.swift */ = {isa = PBXFileReference; lastKnownFileType = sourcecode.swift; path = HeaderMenuDetailView.swift; sourceTree = "<group>"; };
		32F0CE012B965A7900264A5D /* DetailJsonView.swift */ = {isa = PBXFileReference; lastKnownFileType = sourcecode.swift; path = DetailJsonView.swift; sourceTree = "<group>"; };
		32F0CE032B96671500264A5D /* DetailCurlView.swift */ = {isa = PBXFileReference; lastKnownFileType = sourcecode.swift; path = DetailCurlView.swift; sourceTree = "<group>"; };
		32F0CE062B966A2D00264A5D /* Double+Extension.swift */ = {isa = PBXFileReference; lastKnownFileType = sourcecode.swift; path = "Double+Extension.swift"; sourceTree = "<group>"; };
		451C9E542080E5E4002A34BC /* Flow.storyboard */ = {isa = PBXFileReference; lastKnownFileType = file.storyboard; path = Flow.storyboard; sourceTree = "<group>"; };
		451C9E572080E607002A34BC /* LogixNavigationController.swift */ = {isa = PBXFileReference; lastKnownFileType = sourcecode.swift; path = LogixNavigationController.swift; sourceTree = "<group>"; };
		451C9E592080E8D2002A34BC /* LogixBaseViewController.swift */ = {isa = PBXFileReference; lastKnownFileType = sourcecode.swift; path = LogixBaseViewController.swift; sourceTree = "<group>"; };
		451C9E5D2080EFF5002A34BC /* Config.swift */ = {isa = PBXFileReference; lastKnownFileType = sourcecode.swift; path = Config.swift; sourceTree = "<group>"; };
		451C9E5F2080F653002A34BC /* LogixBundle.swift */ = {isa = PBXFileReference; lastKnownFileType = sourcecode.swift; path = LogixBundle.swift; sourceTree = "<group>"; };
		451C9E6220810472002A34BC /* RequestCell.xib */ = {isa = PBXFileReference; lastKnownFileType = file.xib; path = RequestCell.xib; sourceTree = "<group>"; };
		451C9E64208106D1002A34BC /* LogixLabel.swift */ = {isa = PBXFileReference; lastKnownFileType = sourcecode.swift; path = LogixLabel.swift; sourceTree = "<group>"; };
		451C9E6620810B4C002A34BC /* RequestCell.swift */ = {isa = PBXFileReference; lastKnownFileType = sourcecode.swift; path = RequestCell.swift; sourceTree = "<group>"; };
		451C9E6820810B98002A34BC /* LogixCollectionView.swift */ = {isa = PBXFileReference; lastKnownFileType = sourcecode.swift; path = LogixCollectionView.swift; sourceTree = "<group>"; };
		451C9E6A20810BBD002A34BC /* RequestsViewController.swift */ = {isa = PBXFileReference; lastKnownFileType = sourcecode.swift; path = RequestsViewController.swift; sourceTree = "<group>"; };
		452CC1312175FDB200CB5E21 /* CustomActivity.swift */ = {isa = PBXFileReference; lastKnownFileType = sourcecode.swift; path = CustomActivity.swift; sourceTree = "<group>"; };
		452CC13321773BF600CB5E21 /* FileHandler.swift */ = {isa = PBXFileReference; lastKnownFileType = sourcecode.swift; path = FileHandler.swift; sourceTree = "<group>"; };
		452CC13521773DE500CB5E21 /* Assets.xcassets */ = {isa = PBXFileReference; lastKnownFileType = folder.assetcatalog; path = Assets.xcassets; sourceTree = "<group>"; };
		453A167620ED1B02001CEB9D /* LogixString.swift */ = {isa = PBXFileReference; lastKnownFileType = sourcecode.swift; path = LogixString.swift; sourceTree = "<group>"; };
		454BBA372087B66200EB13E9 /* RequestModelBeautifier.swift */ = {isa = PBXFileReference; lastKnownFileType = sourcecode.swift; path = RequestModelBeautifier.swift; sourceTree = "<group>"; };
		455818C1207D61A100D2F954 /* CustomHTTPProtocol.swift */ = {isa = PBXFileReference; fileEncoding = 4; lastKnownFileType = sourcecode.swift; path = CustomHTTPProtocol.swift; sourceTree = "<group>"; };
		455818C2207D61A100D2F954 /* Storage.swift */ = {isa = PBXFileReference; fileEncoding = 4; lastKnownFileType = sourcecode.swift; path = Storage.swift; sourceTree = "<group>"; };
		455818C8207D621200D2F954 /* RequestModel.swift */ = {isa = PBXFileReference; fileEncoding = 4; lastKnownFileType = sourcecode.swift; path = RequestModel.swift; sourceTree = "<group>"; };
		455818CF207D64A800D2F954 /* LogixMethodSwizzling.m */ = {isa = PBXFileReference; fileEncoding = 4; lastKnownFileType = sourcecode.c.objc; path = LogixMethodSwizzling.m; sourceTree = "<group>"; };
		455818D0207D64A800D2F954 /* NSURLSessionConfiguration+Logix.m */ = {isa = PBXFileReference; fileEncoding = 4; lastKnownFileType = sourcecode.c.objc; path = "NSURLSessionConfiguration+Logix.m"; sourceTree = "<group>"; };
		455818D3207D64A800D2F954 /* NSURLSessionConfiguration+Logix.h */ = {isa = PBXFileReference; fileEncoding = 4; lastKnownFileType = sourcecode.c.h; path = "NSURLSessionConfiguration+Logix.h"; sourceTree = "<group>"; };
		455818D4207D64A800D2F954 /* LogixMethodSwizzling.h */ = {isa = PBXFileReference; fileEncoding = 4; lastKnownFileType = sourcecode.c.h; path = LogixMethodSwizzling.h; sourceTree = "<group>"; };
		457202A5244CA7BE0020AA2A /* Postman_demo_collection.json */ = {isa = PBXFileReference; fileEncoding = 4; lastKnownFileType = text.json; path = Postman_demo_collection.json; sourceTree = "<group>"; };
		45820CF5208170F400CA74D6 /* Colors.swift */ = {isa = PBXFileReference; lastKnownFileType = sourcecode.swift; path = Colors.swift; sourceTree = "<group>"; };
		45868F1320F4E2B10024C77B /* BodyDetailViewController.swift */ = {isa = PBXFileReference; lastKnownFileType = sourcecode.swift; path = BodyDetailViewController.swift; sourceTree = "<group>"; };
		45868F1920F4E9790024C77B /* ActionableTableViewCell.swift */ = {isa = PBXFileReference; lastKnownFileType = sourcecode.swift; path = ActionableTableViewCell.swift; sourceTree = "<group>"; };
		45868F1A20F4E9790024C77B /* ActionableTableViewCell.xib */ = {isa = PBXFileReference; lastKnownFileType = file.xib; path = ActionableTableViewCell.xib; sourceTree = "<group>"; };
		45BE33CC258787AB000AEA0E /* InputStream+Utils.swift */ = {isa = PBXFileReference; lastKnownFileType = sourcecode.swift; path = "InputStream+Utils.swift"; sourceTree = "<group>"; };
		45C4F4EA20860D14007D0D17 /* LogixTableView.swift */ = {isa = PBXFileReference; lastKnownFileType = sourcecode.swift; path = LogixTableView.swift; sourceTree = "<group>"; };
		45C4F4EE20860DC0007D0D17 /* TextTableViewCell.swift */ = {isa = PBXFileReference; lastKnownFileType = sourcecode.swift; path = TextTableViewCell.swift; sourceTree = "<group>"; };
		45C4F4EF20860DC0007D0D17 /* TextTableViewCell.xib */ = {isa = PBXFileReference; lastKnownFileType = file.xib; path = TextTableViewCell.xib; sourceTree = "<group>"; };
		45C4F4F220860FBC007D0D17 /* LogixTextView.swift */ = {isa = PBXFileReference; lastKnownFileType = sourcecode.swift; path = LogixTextView.swift; sourceTree = "<group>"; };
		45C51A1620A1FDBC006933CE /* module.modulemap */ = {isa = PBXFileReference; lastKnownFileType = "sourcecode.module-map"; path = module.modulemap; sourceTree = "<group>"; };
		45C51A1720A20B38006933CE /* Logix.h */ = {isa = PBXFileReference; lastKnownFileType = sourcecode.c.h; path = Logix.h; sourceTree = "<group>"; };
		45DB6DAE2083E738009494AE /* RequestDetailViewController.swift */ = {isa = PBXFileReference; lastKnownFileType = sourcecode.swift; path = RequestDetailViewController.swift; sourceTree = "<group>"; };
		45FF5C4920875EFA0084BD50 /* LogixView.swift */ = {isa = PBXFileReference; lastKnownFileType = sourcecode.swift; path = LogixView.swift; sourceTree = "<group>"; };
		45FF5C4B20875F710084BD50 /* RequestTitleSectionView.swift */ = {isa = PBXFileReference; lastKnownFileType = sourcecode.swift; path = RequestTitleSectionView.swift; sourceTree = "<group>"; };
		45FF5C4D20875F770084BD50 /* RequestTitleSectionView.xib */ = {isa = PBXFileReference; lastKnownFileType = file.xib; path = RequestTitleSectionView.xib; sourceTree = "<group>"; };
		45FF5C5120877A950084BD50 /* Section.swift */ = {isa = PBXFileReference; lastKnownFileType = sourcecode.swift; path = Section.swift; sourceTree = "<group>"; };
		45FF5C53208794720084BD50 /* LogixDate.swift */ = {isa = PBXFileReference; lastKnownFileType = sourcecode.swift; path = LogixDate.swift; sourceTree = "<group>"; };
		52D6D97C1BEFF229002C0205 /* Logix.framework */ = {isa = PBXFileReference; explicitFileType = wrapper.framework; includeInIndex = 0; path = Logix.framework; sourceTree = BUILT_PRODUCTS_DIR; };
		64DD525923F84A5F00AB92C4 /* RequestResponseExportOption.swift */ = {isa = PBXFileReference; lastKnownFileType = sourcecode.swift; path = RequestResponseExportOption.swift; sourceTree = "<group>"; };
		64DD525B23F86B3D00AB92C4 /* ShareUtils.swift */ = {isa = PBXFileReference; lastKnownFileType = sourcecode.swift; path = ShareUtils.swift; sourceTree = "<group>"; };
		64DD526F23F9B7FB00AB92C4 /* Postman.swift */ = {isa = PBXFileReference; lastKnownFileType = sourcecode.swift; path = Postman.swift; sourceTree = "<group>"; };
		8933C7841EB5B820000D00A4 /* Logix.swift */ = {isa = PBXFileReference; fileEncoding = 4; lastKnownFileType = sourcecode.swift; path = Logix.swift; sourceTree = "<group>"; };
		AD2FAA261CD0B6D800659CF4 /* Logix.plist */ = {isa = PBXFileReference; fileEncoding = 4; lastKnownFileType = text.plist.xml; path = Logix.plist; sourceTree = "<group>"; };
/* End PBXFileReference section */

/* Begin PBXFrameworksBuildPhase section */
		320CC2872B912E11009F8735 /* Frameworks */ = {
			isa = PBXFrameworksBuildPhase;
			buildActionMask = 2147483647;
			files = (
				320CC2A92B912FAC009F8735 /* Logix.framework in Frameworks */,
			);
			runOnlyForDeploymentPostprocessing = 0;
		};
		320CC2AF2B91A50A009F8735 /* Frameworks */ = {
			isa = PBXFrameworksBuildPhase;
			buildActionMask = 2147483647;
			files = (
			);
			runOnlyForDeploymentPostprocessing = 0;
		};
		52D6D9781BEFF229002C0205 /* Frameworks */ = {
			isa = PBXFrameworksBuildPhase;
			buildActionMask = 2147483647;
			files = (
			);
			runOnlyForDeploymentPostprocessing = 0;
		};
/* End PBXFrameworksBuildPhase section */

/* Begin PBXGroup section */
		320CC28B2B912E11009F8735 /* LogixDemo */ = {
			isa = PBXGroup;
			children = (
				320CC28C2B912E11009F8735 /* AppDelegate.swift */,
				320CC28E2B912E11009F8735 /* SceneDelegate.swift */,
				320CC29E2B912EC2009F8735 /* Utils.swift */,
				320CC2A02B912EE6009F8735 /* Networking */,
				320CC2902B912E11009F8735 /* ViewController.swift */,
				320CC2922B912E11009F8735 /* Main.storyboard */,
				320CC2952B912E12009F8735 /* Assets.xcassets */,
				320CC2972B912E12009F8735 /* LaunchScreen.storyboard */,
				320CC29A2B912E12009F8735 /* Info.plist */,
			);
			path = LogixDemo;
			sourceTree = "<group>";
		};
		320CC2A02B912EE6009F8735 /* Networking */ = {
			isa = PBXGroup;
			children = (
				320CC2A12B912EE6009F8735 /* HTTPValidation.swift */,
				320CC2A22B912EE6009F8735 /* Config.swift */,
				320CC2A32B912EE6009F8735 /* Routing.swift */,
				320CC2A42B912EE6009F8735 /* DataFetcher.swift */,
			);
			path = Networking;
			sourceTree = "<group>";
		};
		320CC2B32B91A50A009F8735 /* LogixPro */ = {
			isa = PBXGroup;
			children = (
				32F0CDE72B945F7600264A5D /* Info.plist */,
				32F0CDDC2B945BAE00264A5D /* RemoteLogger */,
				320CC2D82B920474009F8735 /* Features */,
				320CC2CB2B91AB30009F8735 /* Models */,
				320CC2B42B91A50A009F8735 /* LogixProApp.swift */,
				320CC2D22B91CD64009F8735 /* MainContentView.swift */,
				32F0CDF62B96180A00264A5D /* Sidebar */,
				320CC2B62B91A50A009F8735 /* RequestListView.swift */,
				32F0CDFC2B9656DF00264A5D /* Detail */,
				320CC2B82B91A50B009F8735 /* Assets.xcassets */,
				320CC2BD2B91A50B009F8735 /* LogixPro.entitlements */,
				320CC2BA2B91A50B009F8735 /* Preview Content */,
				329C5F652B9277680019C20F /* PressActionsModifier.swift */,
				32F0CDEF2B94B31400264A5D /* Storage.swift */,
				32F0CDF12B94B39C00264A5D /* Config.swift */,
				32F0CE052B966A1000264A5D /* Extension */,
			);
			path = LogixPro;
			sourceTree = "<group>";
		};
		320CC2BA2B91A50B009F8735 /* Preview Content */ = {
			isa = PBXGroup;
			children = (
				320CC2BB2B91A50B009F8735 /* Preview Assets.xcassets */,
			);
			path = "Preview Content";
			sourceTree = "<group>";
		};
		320CC2CB2B91AB30009F8735 /* Models */ = {
			isa = PBXGroup;
			children = (
				320CC2CC2B91AB4B009F8735 /* RequestModel.swift */,
				320CC2D02B91C807009F8735 /* AppSection.swift */,
			);
			path = Models;
			sourceTree = "<group>";
		};
		320CC2D72B92045C009F8735 /* WindowCommands */ = {
			isa = PBXGroup;
			children = (
				320CC2D92B9204AD009F8735 /* LogixEditCommands.swift */,
				320CC2DB2B9204F0009F8735 /* MainCommands.swift */,
			);
			path = WindowCommands;
			sourceTree = "<group>";
		};
		320CC2D82B920474009F8735 /* Features */ = {
			isa = PBXGroup;
			children = (
				320CC2D72B92045C009F8735 /* WindowCommands */,
			);
			path = Features;
			sourceTree = "<group>";
		};
		32F0CDD92B945A5400264A5D /* RemoteLogger */ = {
			isa = PBXGroup;
			children = (
				32F0CDD32B945A3B00264A5D /* Browser.swift */,
				32F0CDD12B945A3B00264A5D /* Client.swift */,
				32F0CDD42B945A3B00264A5D /* Connection.swift */,
				32F0CDD22B945A3B00264A5D /* Server.swift */,
			);
			path = RemoteLogger;
			sourceTree = "<group>";
		};
		32F0CDDC2B945BAE00264A5D /* RemoteLogger */ = {
			isa = PBXGroup;
			children = (
				32F0CDE02B945BC100264A5D /* Browser.swift */,
				32F0CDDE2B945BC100264A5D /* Client.swift */,
				32F0CDDD2B945BC100264A5D /* Connection.swift */,
				32F0CDDF2B945BC100264A5D /* Server.swift */,
			);
			path = RemoteLogger;
			sourceTree = "<group>";
		};
		32F0CDF62B96180A00264A5D /* Sidebar */ = {
			isa = PBXGroup;
			children = (
				32F0CDF72B96181700264A5D /* ApplicationView */,
				320CC2CE2B91C5FC009F8735 /* SidebarView.swift */,
			);
			path = Sidebar;
			sourceTree = "<group>";
		};
		32F0CDF72B96181700264A5D /* ApplicationView */ = {
			isa = PBXGroup;
			children = (
				32F0CDF82B96183E00264A5D /* ApplicationView.swift */,
				32F0CDFA2B96214C00264A5D /* PhoneView.swift */,
			);
			path = ApplicationView;
			sourceTree = "<group>";
		};
		32F0CDFC2B9656DF00264A5D /* Detail */ = {
			isa = PBXGroup;
			children = (
				32F0CDFF2B96596900264A5D /* Header */,
				32F0CE002B9659F600264A5D /* DetailView */,
				320CC2D42B91F0E3009F8735 /* DetailRequest.swift */,
			);
			path = Detail;
			sourceTree = "<group>";
		};
		32F0CDFF2B96596900264A5D /* Header */ = {
			isa = PBXGroup;
			children = (
				329C5F672B92779B0019C20F /* SegmentedControl.swift */,
				32F0CDFD2B96570E00264A5D /* HeaderMenuDetailView.swift */,
				326677E72B970BBE0097F3F0 /* HeaderRequestDetailView.swift */,
			);
			path = Header;
			sourceTree = "<group>";
		};
		32F0CE002B9659F600264A5D /* DetailView */ = {
			isa = PBXGroup;
			children = (
				32F0CE012B965A7900264A5D /* DetailJsonView.swift */,
				32F0CE032B96671500264A5D /* DetailCurlView.swift */,
				326677E52B96F3C70097F3F0 /* DetailHeaderView.swift */,
			);
			path = DetailView;
			sourceTree = "<group>";
		};
		32F0CE052B966A1000264A5D /* Extension */ = {
			isa = PBXGroup;
			children = (
				32F0CE062B966A2D00264A5D /* Double+Extension.swift */,
			);
			path = Extension;
			sourceTree = "<group>";
		};
		4508719B207E5A1A00EE2D31 /* Frameworks */ = {
			isa = PBXGroup;
			children = (
			);
			name = Frameworks;
			sourceTree = "<group>";
		};
		451C9E532080E592002A34BC /* UI */ = {
			isa = PBXGroup;
			children = (
				451C9E542080E5E4002A34BC /* Flow.storyboard */,
				451C9E6A20810BBD002A34BC /* RequestsViewController.swift */,
				45DB6DAE2083E738009494AE /* RequestDetailViewController.swift */,
				32A2F3D9295B4D2200A2B74B /* AnalyticsDetailViewController.swift */,
				45868F1320F4E2B10024C77B /* BodyDetailViewController.swift */,
				45FF5C4820875ED90084BD50 /* Sections */,
				451C9E612081045E002A34BC /* Cells */,
			);
			path = UI;
			sourceTree = "<group>";
		};
		451C9E562080E5F0002A34BC /* Subclasses */ = {
			isa = PBXGroup;
			children = (
				451C9E572080E607002A34BC /* LogixNavigationController.swift */,
				451C9E592080E8D2002A34BC /* LogixBaseViewController.swift */,
				45FF5C4920875EFA0084BD50 /* LogixView.swift */,
				451C9E64208106D1002A34BC /* LogixLabel.swift */,
				45C4F4F220860FBC007D0D17 /* LogixTextView.swift */,
				451C9E6820810B98002A34BC /* LogixCollectionView.swift */,
				45C4F4EA20860D14007D0D17 /* LogixTableView.swift */,
				451C9E5F2080F653002A34BC /* LogixBundle.swift */,
				45FF5C53208794720084BD50 /* LogixDate.swift */,
				453A167620ED1B02001CEB9D /* LogixString.swift */,
				452CC1312175FDB200CB5E21 /* CustomActivity.swift */,
			);
			path = Subclasses;
			sourceTree = "<group>";
		};
		451C9E5C2080EFC4002A34BC /* Support Files */ = {
			isa = PBXGroup;
			children = (
				452CC13521773DE500CB5E21 /* Assets.xcassets */,
				451C9E5D2080EFF5002A34BC /* Config.swift */,
				45820CF5208170F400CA74D6 /* Colors.swift */,
				32C4E2B428E831F400702271 /* Extension_UIColor.swift */,
				32F0CDDA2B945A9D00264A5D /* Logs.swift */,
			);
			path = "Support Files";
			sourceTree = "<group>";
		};
		451C9E612081045E002A34BC /* Cells */ = {
			isa = PBXGroup;
			children = (
				451C9E6620810B4C002A34BC /* RequestCell.swift */,
				451C9E6220810472002A34BC /* RequestCell.xib */,
				45C4F4EE20860DC0007D0D17 /* TextTableViewCell.swift */,
				45C4F4EF20860DC0007D0D17 /* TextTableViewCell.xib */,
				45868F1920F4E9790024C77B /* ActionableTableViewCell.swift */,
				45868F1A20F4E9790024C77B /* ActionableTableViewCell.xib */,
				327C506D28E8253E00BEBBDD /* AnaliticsCell.swift */,
				327C506E28E8253E00BEBBDD /* AnaliticsCell.xib */,
			);
			path = Cells;
			sourceTree = "<group>";
		};
		454BBA362087B64E00EB13E9 /* Utils */ = {
			isa = PBXGroup;
			children = (
				454BBA372087B66200EB13E9 /* RequestModelBeautifier.swift */,
				452CC13321773BF600CB5E21 /* FileHandler.swift */,
				64DD525923F84A5F00AB92C4 /* RequestResponseExportOption.swift */,
				64DD525B23F86B3D00AB92C4 /* ShareUtils.swift */,
				45BE33CC258787AB000AEA0E /* InputStream+Utils.swift */,
			);
			path = Utils;
			sourceTree = "<group>";
		};
		455818C7207D620900D2F954 /* Models */ = {
			isa = PBXGroup;
			children = (
				64DD526E23F9B7EB00AB92C4 /* Postman */,
				455818C8207D621200D2F954 /* RequestModel.swift */,
				45FF5C5120877A950084BD50 /* Section.swift */,
				327C506B28E818BD00BEBBDD /* AnalyticsModel.swift */,
			);
			path = Models;
			sourceTree = "<group>";
		};
		455818CA207D647900D2F954 /* Objc */ = {
			isa = PBXGroup;
			children = (
				455818D3207D64A800D2F954 /* NSURLSessionConfiguration+Logix.h */,
				455818D0207D64A800D2F954 /* NSURLSessionConfiguration+Logix.m */,
				455818D4207D64A800D2F954 /* LogixMethodSwizzling.h */,
				455818CF207D64A800D2F954 /* LogixMethodSwizzling.m */,
			);
			path = Objc;
			sourceTree = "<group>";
		};
		45FF5C4820875ED90084BD50 /* Sections */ = {
			isa = PBXGroup;
			children = (
				45FF5C4B20875F710084BD50 /* RequestTitleSectionView.swift */,
				45FF5C4D20875F770084BD50 /* RequestTitleSectionView.xib */,
			);
			path = Sections;
			sourceTree = "<group>";
		};
		52D6D9721BEFF229002C0205 = {
			isa = PBXGroup;
			children = (
				320CC2B32B91A50A009F8735 /* LogixPro */,
				320CC28B2B912E11009F8735 /* LogixDemo */,
				8933C7811EB5B7E0000D00A4 /* Sources */,
				52D6D99C1BEFF38C002C0205 /* Configs */,
				52D6D97D1BEFF229002C0205 /* Products */,
				4508719B207E5A1A00EE2D31 /* Frameworks */,
			);
			sourceTree = "<group>";
		};
		52D6D97D1BEFF229002C0205 /* Products */ = {
			isa = PBXGroup;
			children = (
				52D6D97C1BEFF229002C0205 /* Logix.framework */,
				320CC28A2B912E11009F8735 /* LogixDemo.app */,
				320CC2B22B91A50A009F8735 /* LogixPro.app */,
			);
			name = Products;
			sourceTree = "<group>";
		};
		52D6D99C1BEFF38C002C0205 /* Configs */ = {
			isa = PBXGroup;
			children = (
				DD7502721C68FC1B006590AF /* Frameworks */,
			);
			path = Configs;
			sourceTree = "<group>";
		};
		64DD526E23F9B7EB00AB92C4 /* Postman */ = {
			isa = PBXGroup;
			children = (
				64DD526F23F9B7FB00AB92C4 /* Postman.swift */,
				457202A5244CA7BE0020AA2A /* Postman_demo_collection.json */,
			);
			path = Postman;
			sourceTree = "<group>";
		};
		8933C7811EB5B7E0000D00A4 /* Sources */ = {
			isa = PBXGroup;
			children = (
				32F0CDD92B945A5400264A5D /* RemoteLogger */,
				8933C7841EB5B820000D00A4 /* Logix.swift */,
				455818C1207D61A100D2F954 /* CustomHTTPProtocol.swift */,
				455818C2207D61A100D2F954 /* Storage.swift */,
				45C51A1620A1FDBC006933CE /* module.modulemap */,
				45C51A1720A20B38006933CE /* Logix.h */,
				451C9E532080E592002A34BC /* UI */,
				451C9E562080E5F0002A34BC /* Subclasses */,
				455818CA207D647900D2F954 /* Objc */,
				455818C7207D620900D2F954 /* Models */,
				454BBA362087B64E00EB13E9 /* Utils */,
				451C9E5C2080EFC4002A34BC /* Support Files */,
			);
			path = Sources;
			sourceTree = "<group>";
		};
		DD7502721C68FC1B006590AF /* Frameworks */ = {
			isa = PBXGroup;
			children = (
				AD2FAA261CD0B6D800659CF4 /* Logix.plist */,
			);
			name = Frameworks;
			sourceTree = "<group>";
		};
/* End PBXGroup section */

/* Begin PBXHeadersBuildPhase section */
		52D6D9791BEFF229002C0205 /* Headers */ = {
			isa = PBXHeadersBuildPhase;
			buildActionMask = 2147483647;
			files = (
				45C51A1820A20B38006933CE /* Logix.h in Headers */,
				455818DA207D64A900D2F954 /* LogixMethodSwizzling.h in Headers */,
				455818D9207D64A900D2F954 /* NSURLSessionConfiguration+Logix.h in Headers */,
			);
			runOnlyForDeploymentPostprocessing = 0;
		};
/* End PBXHeadersBuildPhase section */

/* Begin PBXNativeTarget section */
		320CC2892B912E11009F8735 /* LogixDemo */ = {
			isa = PBXNativeTarget;
			buildConfigurationList = 320CC29D2B912E12009F8735 /* Build configuration list for PBXNativeTarget "LogixDemo" */;
			buildPhases = (
				320CC2862B912E11009F8735 /* Sources */,
				320CC2872B912E11009F8735 /* Frameworks */,
				320CC2882B912E11009F8735 /* Resources */,
				320CC2AD2B912FAC009F8735 /* Embed Frameworks */,
			);
			buildRules = (
			);
			dependencies = (
				320CC2AC2B912FAC009F8735 /* PBXTargetDependency */,
			);
			name = LogixDemo;
			productName = LogixDemo;
			productReference = 320CC28A2B912E11009F8735 /* LogixDemo.app */;
			productType = "com.apple.product-type.application";
		};
		320CC2B12B91A50A009F8735 /* LogixPro */ = {
			isa = PBXNativeTarget;
			buildConfigurationList = 320CC2BE2B91A50B009F8735 /* Build configuration list for PBXNativeTarget "LogixPro" */;
			buildPhases = (
				320CC2AE2B91A50A009F8735 /* Sources */,
				320CC2AF2B91A50A009F8735 /* Frameworks */,
				320CC2B02B91A50A009F8735 /* Resources */,
			);
			buildRules = (
			);
			dependencies = (
			);
			name = LogixPro;
			packageProductDependencies = (
			);
			productName = LogixPro;
			productReference = 320CC2B22B91A50A009F8735 /* LogixPro.app */;
			productType = "com.apple.product-type.application";
		};
		52D6D97B1BEFF229002C0205 /* Logix-iOS */ = {
			isa = PBXNativeTarget;
			buildConfigurationList = 52D6D9901BEFF229002C0205 /* Build configuration list for PBXNativeTarget "Logix-iOS" */;
			buildPhases = (
				52D6D9771BEFF229002C0205 /* Sources */,
				52D6D9791BEFF229002C0205 /* Headers */,
				52D6D9781BEFF229002C0205 /* Frameworks */,
				52D6D97A1BEFF229002C0205 /* Resources */,
			);
			buildRules = (
			);
			dependencies = (
			);
			name = "Logix-iOS";
			productName = Wormholy;
			productReference = 52D6D97C1BEFF229002C0205 /* Logix.framework */;
			productType = "com.apple.product-type.framework";
		};
/* End PBXNativeTarget section */

/* Begin PBXProject section */
		52D6D9731BEFF229002C0205 /* Project object */ = {
			isa = PBXProject;
			attributes = {
				LastSwiftUpdateCheck = 1520;
				LastUpgradeCheck = 1140;
				ORGANIZATIONNAME = Logix;
				TargetAttributes = {
					320CC2892B912E11009F8735 = {
						CreatedOnToolsVersion = 15.2;
					};
					320CC2B12B91A50A009F8735 = {
						CreatedOnToolsVersion = 15.2;
					};
					52D6D97B1BEFF229002C0205 = {
						CreatedOnToolsVersion = 7.1;
						LastSwiftMigration = 1000;
						ProvisioningStyle = Manual;
					};
				};
			};
			buildConfigurationList = 52D6D9761BEFF229002C0205 /* Build configuration list for PBXProject "Logix" */;
			compatibilityVersion = "Xcode 13.0";
			developmentRegion = en;
			hasScannedForEncodings = 0;
			knownRegions = (
				en,
				Base,
				it,
			);
			mainGroup = 52D6D9721BEFF229002C0205;
			packageReferences = (
			);
			productRefGroup = 52D6D97D1BEFF229002C0205 /* Products */;
			projectDirPath = "";
			projectRoot = "";
			targets = (
				52D6D97B1BEFF229002C0205 /* Logix-iOS */,
				320CC2892B912E11009F8735 /* LogixDemo */,
				320CC2B12B91A50A009F8735 /* LogixPro */,
			);
		};
/* End PBXProject section */

/* Begin PBXResourcesBuildPhase section */
		320CC2882B912E11009F8735 /* Resources */ = {
			isa = PBXResourcesBuildPhase;
			buildActionMask = 2147483647;
			files = (
				320CC2992B912E12009F8735 /* LaunchScreen.storyboard in Resources */,
				320CC2962B912E12009F8735 /* Assets.xcassets in Resources */,
				320CC2942B912E11009F8735 /* Main.storyboard in Resources */,
			);
			runOnlyForDeploymentPostprocessing = 0;
		};
		320CC2B02B91A50A009F8735 /* Resources */ = {
			isa = PBXResourcesBuildPhase;
			buildActionMask = 2147483647;
			files = (
				320CC2BC2B91A50B009F8735 /* Preview Assets.xcassets in Resources */,
				320CC2B92B91A50B009F8735 /* Assets.xcassets in Resources */,
			);
			runOnlyForDeploymentPostprocessing = 0;
		};
		52D6D97A1BEFF229002C0205 /* Resources */ = {
			isa = PBXResourcesBuildPhase;
			buildActionMask = 2147483647;
			files = (
				45FF5C4E20875F770084BD50 /* RequestTitleSectionView.xib in Resources */,
				452CC13621773DE500CB5E21 /* Assets.xcassets in Resources */,
				327C507028E8253E00BEBBDD /* AnaliticsCell.xib in Resources */,
				451C9E552080E5E4002A34BC /* Flow.storyboard in Resources */,
				451C9E6320810472002A34BC /* RequestCell.xib in Resources */,
				45C4F4F120860DC0007D0D17 /* TextTableViewCell.xib in Resources */,
				457202A6244CA7BE0020AA2A /* Postman_demo_collection.json in Resources */,
				45868F1C20F4E9790024C77B /* ActionableTableViewCell.xib in Resources */,
			);
			runOnlyForDeploymentPostprocessing = 0;
		};
/* End PBXResourcesBuildPhase section */

/* Begin PBXSourcesBuildPhase section */
		320CC2862B912E11009F8735 /* Sources */ = {
			isa = PBXSourcesBuildPhase;
			buildActionMask = 2147483647;
			files = (
				320CC2912B912E11009F8735 /* ViewController.swift in Sources */,
				320CC2A52B912EE6009F8735 /* HTTPValidation.swift in Sources */,
				320CC2A72B912EE6009F8735 /* Routing.swift in Sources */,
				320CC28D2B912E11009F8735 /* AppDelegate.swift in Sources */,
				320CC28F2B912E11009F8735 /* SceneDelegate.swift in Sources */,
				320CC29F2B912EC2009F8735 /* Utils.swift in Sources */,
				320CC2A62B912EE6009F8735 /* Config.swift in Sources */,
				320CC2A82B912EE6009F8735 /* DataFetcher.swift in Sources */,
			);
			runOnlyForDeploymentPostprocessing = 0;
		};
		320CC2AE2B91A50A009F8735 /* Sources */ = {
			isa = PBXSourcesBuildPhase;
			buildActionMask = 2147483647;
			files = (
				32F0CDE32B945BC100264A5D /* Server.swift in Sources */,
				32F0CDFE2B96570E00264A5D /* HeaderMenuDetailView.swift in Sources */,
				32F0CE042B96671500264A5D /* DetailCurlView.swift in Sources */,
				32F0CE022B965A7900264A5D /* DetailJsonView.swift in Sources */,
				320CC2B72B91A50A009F8735 /* RequestListView.swift in Sources */,
				320CC2D52B91F0E3009F8735 /* DetailRequest.swift in Sources */,
				32F0CE072B966A2D00264A5D /* Double+Extension.swift in Sources */,
				329C5F682B92779B0019C20F /* SegmentedControl.swift in Sources */,
				326677E62B96F3C70097F3F0 /* DetailHeaderView.swift in Sources */,
				32F0CDF22B94B39C00264A5D /* Config.swift in Sources */,
				32F0CDF92B96183E00264A5D /* ApplicationView.swift in Sources */,
				320CC2D12B91C807009F8735 /* AppSection.swift in Sources */,
				32F0CDE42B945BC100264A5D /* Browser.swift in Sources */,
				320CC2CF2B91C5FC009F8735 /* SidebarView.swift in Sources */,
				320CC2B52B91A50A009F8735 /* LogixProApp.swift in Sources */,
				32F0CDE22B945BC100264A5D /* Client.swift in Sources */,
				320CC2DA2B9204AD009F8735 /* LogixEditCommands.swift in Sources */,
				32F0CDE12B945BC100264A5D /* Connection.swift in Sources */,
				32F0CDFB2B96214C00264A5D /* PhoneView.swift in Sources */,
				329C5F662B9277680019C20F /* PressActionsModifier.swift in Sources */,
				320CC2DC2B9204F0009F8735 /* MainCommands.swift in Sources */,
				32F0CDF02B94B31400264A5D /* Storage.swift in Sources */,
				320CC2CD2B91AB4B009F8735 /* RequestModel.swift in Sources */,
				320CC2D32B91CD64009F8735 /* MainContentView.swift in Sources */,
				326677E82B970BBE0097F3F0 /* HeaderRequestDetailView.swift in Sources */,
			);
			runOnlyForDeploymentPostprocessing = 0;
		};
		52D6D9771BEFF229002C0205 /* Sources */ = {
			isa = PBXSourcesBuildPhase;
			buildActionMask = 2147483647;
			files = (
				455818C3207D61A100D2F954 /* CustomHTTPProtocol.swift in Sources */,
				45C4F4F020860DC0007D0D17 /* TextTableViewCell.swift in Sources */,
				451C9E582080E607002A34BC /* LogixNavigationController.swift in Sources */,
				455818D6207D64A900D2F954 /* NSURLSessionConfiguration+Logix.m in Sources */,
				8933C7851EB5B820000D00A4 /* Logix.swift in Sources */,
				455818C4207D61A100D2F954 /* Storage.swift in Sources */,
				45FF5C4C20875F710084BD50 /* RequestTitleSectionView.swift in Sources */,
				32C4E2B528E831F400702271 /* Extension_UIColor.swift in Sources */,
				45DB6DAF2083E738009494AE /* RequestDetailViewController.swift in Sources */,
				451C9E5A2080E8D2002A34BC /* LogixBaseViewController.swift in Sources */,
				45FF5C4A20875EFA0084BD50 /* LogixView.swift in Sources */,
				45868F1B20F4E9790024C77B /* ActionableTableViewCell.swift in Sources */,
				455818C9207D621200D2F954 /* RequestModel.swift in Sources */,
				32F0CDD82B945A3B00264A5D /* Connection.swift in Sources */,
				45C4F4EB20860D14007D0D17 /* LogixTableView.swift in Sources */,
				32F0CDE62B945BD600264A5D /* Logs.swift in Sources */,
				451C9E602080F653002A34BC /* LogixBundle.swift in Sources */,
				32A2F3DA295B4D2200A2B74B /* AnalyticsDetailViewController.swift in Sources */,
				64DD525C23F86B3D00AB92C4 /* ShareUtils.swift in Sources */,
				452CC13421773BF600CB5E21 /* FileHandler.swift in Sources */,
				451C9E5E2080EFF5002A34BC /* Config.swift in Sources */,
				64DD525A23F84A5F00AB92C4 /* RequestResponseExportOption.swift in Sources */,
				45820CF6208170F400CA74D6 /* Colors.swift in Sources */,
				32F0CDD72B945A3B00264A5D /* Browser.swift in Sources */,
				453A167720ED1B02001CEB9D /* LogixString.swift in Sources */,
				452CC1322175FDB200CB5E21 /* CustomActivity.swift in Sources */,
				45868F1420F4E2B10024C77B /* BodyDetailViewController.swift in Sources */,
				327C506C28E818BD00BEBBDD /* AnalyticsModel.swift in Sources */,
				45FF5C5220877A950084BD50 /* Section.swift in Sources */,
				451C9E6920810B98002A34BC /* LogixCollectionView.swift in Sources */,
				327C506F28E8253E00BEBBDD /* AnaliticsCell.swift in Sources */,
				45C4F4F320860FBC007D0D17 /* LogixTextView.swift in Sources */,
				32F0CDD62B945A3B00264A5D /* Server.swift in Sources */,
				451C9E6B20810BBD002A34BC /* RequestsViewController.swift in Sources */,
				455818D5207D64A900D2F954 /* LogixMethodSwizzling.m in Sources */,
				32F0CDD52B945A3B00264A5D /* Client.swift in Sources */,
				45BE33CD258787AB000AEA0E /* InputStream+Utils.swift in Sources */,
				45FF5C54208794720084BD50 /* LogixDate.swift in Sources */,
				454BBA382087B66200EB13E9 /* RequestModelBeautifier.swift in Sources */,
				451C9E65208106D1002A34BC /* LogixLabel.swift in Sources */,
				64DD527023F9B7FB00AB92C4 /* Postman.swift in Sources */,
				451C9E6720810B4C002A34BC /* RequestCell.swift in Sources */,
			);
			runOnlyForDeploymentPostprocessing = 0;
		};
/* End PBXSourcesBuildPhase section */

/* Begin PBXTargetDependency section */
		320CC2AC2B912FAC009F8735 /* PBXTargetDependency */ = {
			isa = PBXTargetDependency;
			target = 52D6D97B1BEFF229002C0205 /* Logix-iOS */;
			targetProxy = 320CC2AB2B912FAC009F8735 /* PBXContainerItemProxy */;
		};
/* End PBXTargetDependency section */

/* Begin PBXVariantGroup section */
		320CC2922B912E11009F8735 /* Main.storyboard */ = {
			isa = PBXVariantGroup;
			children = (
				320CC2932B912E11009F8735 /* Base */,
			);
			name = Main.storyboard;
			sourceTree = "<group>";
		};
		320CC2972B912E12009F8735 /* LaunchScreen.storyboard */ = {
			isa = PBXVariantGroup;
			children = (
				320CC2982B912E12009F8735 /* Base */,
			);
			name = LaunchScreen.storyboard;
			sourceTree = "<group>";
		};
/* End PBXVariantGroup section */

/* Begin XCBuildConfiguration section */
		320CC29B2B912E12009F8735 /* Debug */ = {
			isa = XCBuildConfiguration;
			buildSettings = {
				ASSETCATALOG_COMPILER_APPICON_NAME = AppIcon;
				ASSETCATALOG_COMPILER_GENERATE_SWIFT_ASSET_SYMBOL_EXTENSIONS = YES;
				ASSETCATALOG_COMPILER_GLOBAL_ACCENT_COLOR_NAME = AccentColor;
				CLANG_ANALYZER_NONNULL = YES;
				CLANG_ANALYZER_NUMBER_OBJECT_CONVERSION = YES_AGGRESSIVE;
				CLANG_CXX_LANGUAGE_STANDARD = "gnu++20";
				CLANG_ENABLE_OBJC_WEAK = YES;
				CLANG_WARN_DOCUMENTATION_COMMENTS = YES;
				CLANG_WARN_QUOTED_INCLUDE_IN_FRAMEWORK_HEADER = YES;
				CLANG_WARN_UNGUARDED_AVAILABILITY = YES_AGGRESSIVE;
				CODE_SIGN_STYLE = Automatic;
				CURRENT_PROJECT_VERSION = 1;
				DEVELOPMENT_TEAM = DY3Z5JMQ7L;
				ENABLE_USER_SCRIPT_SANDBOXING = YES;
				GCC_C_LANGUAGE_STANDARD = gnu17;
				GENERATE_INFOPLIST_FILE = YES;
				INFOPLIST_FILE = LogixDemo/Info.plist;
				INFOPLIST_KEY_UIApplicationSupportsIndirectInputEvents = YES;
				INFOPLIST_KEY_UILaunchStoryboardName = LaunchScreen;
				INFOPLIST_KEY_UIMainStoryboardFile = Main;
				INFOPLIST_KEY_UISupportedInterfaceOrientations_iPad = "UIInterfaceOrientationPortrait UIInterfaceOrientationPortraitUpsideDown UIInterfaceOrientationLandscapeLeft UIInterfaceOrientationLandscapeRight";
				INFOPLIST_KEY_UISupportedInterfaceOrientations_iPhone = "UIInterfaceOrientationPortrait UIInterfaceOrientationLandscapeLeft UIInterfaceOrientationLandscapeRight";
				IPHONEOS_DEPLOYMENT_TARGET = 17.2;
				LD_RUNPATH_SEARCH_PATHS = (
					"$(inherited)",
					"@executable_path/Frameworks",
				);
				LOCALIZATION_PREFERS_STRING_CATALOGS = YES;
				MARKETING_VERSION = 1.0;
				MTL_ENABLE_DEBUG_INFO = INCLUDE_SOURCE;
				MTL_FAST_MATH = YES;
				PRODUCT_BUNDLE_IDENTIFIER = vision.LogixDemo;
				PRODUCT_NAME = "$(TARGET_NAME)";
				SWIFT_ACTIVE_COMPILATION_CONDITIONS = "DEBUG $(inherited)";
				SWIFT_EMIT_LOC_STRINGS = YES;
				SWIFT_VERSION = 5.0;
				TARGETED_DEVICE_FAMILY = "1,2";
			};
			name = Debug;
		};
		320CC29C2B912E12009F8735 /* Release */ = {
			isa = XCBuildConfiguration;
			buildSettings = {
				ASSETCATALOG_COMPILER_APPICON_NAME = AppIcon;
				ASSETCATALOG_COMPILER_GENERATE_SWIFT_ASSET_SYMBOL_EXTENSIONS = YES;
				ASSETCATALOG_COMPILER_GLOBAL_ACCENT_COLOR_NAME = AccentColor;
				CLANG_ANALYZER_NONNULL = YES;
				CLANG_ANALYZER_NUMBER_OBJECT_CONVERSION = YES_AGGRESSIVE;
				CLANG_CXX_LANGUAGE_STANDARD = "gnu++20";
				CLANG_ENABLE_OBJC_WEAK = YES;
				CLANG_WARN_DOCUMENTATION_COMMENTS = YES;
				CLANG_WARN_QUOTED_INCLUDE_IN_FRAMEWORK_HEADER = YES;
				CLANG_WARN_UNGUARDED_AVAILABILITY = YES_AGGRESSIVE;
				CODE_SIGN_STYLE = Automatic;
				CURRENT_PROJECT_VERSION = 1;
				DEVELOPMENT_TEAM = DY3Z5JMQ7L;
				ENABLE_USER_SCRIPT_SANDBOXING = YES;
				GCC_C_LANGUAGE_STANDARD = gnu17;
				GENERATE_INFOPLIST_FILE = YES;
				INFOPLIST_FILE = LogixDemo/Info.plist;
				INFOPLIST_KEY_UIApplicationSupportsIndirectInputEvents = YES;
				INFOPLIST_KEY_UILaunchStoryboardName = LaunchScreen;
				INFOPLIST_KEY_UIMainStoryboardFile = Main;
				INFOPLIST_KEY_UISupportedInterfaceOrientations_iPad = "UIInterfaceOrientationPortrait UIInterfaceOrientationPortraitUpsideDown UIInterfaceOrientationLandscapeLeft UIInterfaceOrientationLandscapeRight";
				INFOPLIST_KEY_UISupportedInterfaceOrientations_iPhone = "UIInterfaceOrientationPortrait UIInterfaceOrientationLandscapeLeft UIInterfaceOrientationLandscapeRight";
				IPHONEOS_DEPLOYMENT_TARGET = 17.2;
				LD_RUNPATH_SEARCH_PATHS = (
					"$(inherited)",
					"@executable_path/Frameworks",
				);
				LOCALIZATION_PREFERS_STRING_CATALOGS = YES;
				MARKETING_VERSION = 1.0;
				MTL_FAST_MATH = YES;
				PRODUCT_BUNDLE_IDENTIFIER = vision.LogixDemo;
				PRODUCT_NAME = "$(TARGET_NAME)";
				SWIFT_COMPILATION_MODE = wholemodule;
				SWIFT_EMIT_LOC_STRINGS = YES;
				SWIFT_VERSION = 5.0;
				TARGETED_DEVICE_FAMILY = "1,2";
			};
			name = Release;
		};
		320CC2BF2B91A50B009F8735 /* Debug */ = {
			isa = XCBuildConfiguration;
			buildSettings = {
				ASSETCATALOG_COMPILER_APPICON_NAME = AppIcon;
				ASSETCATALOG_COMPILER_GENERATE_SWIFT_ASSET_SYMBOL_EXTENSIONS = YES;
				ASSETCATALOG_COMPILER_GLOBAL_ACCENT_COLOR_NAME = AccentColor;
				CLANG_ANALYZER_NONNULL = YES;
				CLANG_ANALYZER_NUMBER_OBJECT_CONVERSION = YES_AGGRESSIVE;
				CLANG_CXX_LANGUAGE_STANDARD = "gnu++20";
				CLANG_ENABLE_OBJC_WEAK = YES;
				CLANG_WARN_DOCUMENTATION_COMMENTS = YES;
				CLANG_WARN_QUOTED_INCLUDE_IN_FRAMEWORK_HEADER = YES;
				CLANG_WARN_UNGUARDED_AVAILABILITY = YES_AGGRESSIVE;
				CODE_SIGN_ENTITLEMENTS = LogixPro/LogixPro.entitlements;
				CODE_SIGN_STYLE = Automatic;
				COMBINE_HIDPI_IMAGES = YES;
				CURRENT_PROJECT_VERSION = 1;
				DEVELOPMENT_ASSET_PATHS = "\"LogixPro/Preview Content\"";
				DEVELOPMENT_TEAM = DY3Z5JMQ7L;
				ENABLE_HARDENED_RUNTIME = YES;
				ENABLE_PREVIEWS = YES;
				ENABLE_USER_SCRIPT_SANDBOXING = YES;
				GCC_C_LANGUAGE_STANDARD = gnu17;
				GENERATE_INFOPLIST_FILE = YES;
				INFOPLIST_FILE = LogixPro/Info.plist;
				INFOPLIST_KEY_NSHumanReadableCopyright = "Copyright © 2024 Logix. All rights reserved.";
				INFOPLIST_KEY_NSLocalNetworkUsageDescription = "Network usage required for debugging purposes ";
				LD_RUNPATH_SEARCH_PATHS = (
					"$(inherited)",
					"@executable_path/../Frameworks",
				);
				LOCALIZATION_PREFERS_STRING_CATALOGS = YES;
				MACOSX_DEPLOYMENT_TARGET = 14.2;
				MARKETING_VERSION = 1.0;
				MTL_ENABLE_DEBUG_INFO = INCLUDE_SOURCE;
				MTL_FAST_MATH = YES;
				PRODUCT_BUNDLE_IDENTIFIER = vision.LogixPro;
				PRODUCT_NAME = "$(TARGET_NAME)";
				SDKROOT = macosx;
				SWIFT_ACTIVE_COMPILATION_CONDITIONS = "DEBUG $(inherited)";
				SWIFT_EMIT_LOC_STRINGS = YES;
				SWIFT_VERSION = 5.0;
			};
			name = Debug;
		};
		320CC2C02B91A50B009F8735 /* Release */ = {
			isa = XCBuildConfiguration;
			buildSettings = {
				ASSETCATALOG_COMPILER_APPICON_NAME = AppIcon;
				ASSETCATALOG_COMPILER_GENERATE_SWIFT_ASSET_SYMBOL_EXTENSIONS = YES;
				ASSETCATALOG_COMPILER_GLOBAL_ACCENT_COLOR_NAME = AccentColor;
				CLANG_ANALYZER_NONNULL = YES;
				CLANG_ANALYZER_NUMBER_OBJECT_CONVERSION = YES_AGGRESSIVE;
				CLANG_CXX_LANGUAGE_STANDARD = "gnu++20";
				CLANG_ENABLE_OBJC_WEAK = YES;
				CLANG_WARN_DOCUMENTATION_COMMENTS = YES;
				CLANG_WARN_QUOTED_INCLUDE_IN_FRAMEWORK_HEADER = YES;
				CLANG_WARN_UNGUARDED_AVAILABILITY = YES_AGGRESSIVE;
				CODE_SIGN_ENTITLEMENTS = LogixPro/LogixPro.entitlements;
				CODE_SIGN_STYLE = Automatic;
				COMBINE_HIDPI_IMAGES = YES;
				CURRENT_PROJECT_VERSION = 1;
				DEVELOPMENT_ASSET_PATHS = "\"LogixPro/Preview Content\"";
				DEVELOPMENT_TEAM = DY3Z5JMQ7L;
				ENABLE_HARDENED_RUNTIME = YES;
				ENABLE_PREVIEWS = YES;
				ENABLE_USER_SCRIPT_SANDBOXING = YES;
				GCC_C_LANGUAGE_STANDARD = gnu17;
				GENERATE_INFOPLIST_FILE = YES;
				INFOPLIST_FILE = LogixPro/Info.plist;
				INFOPLIST_KEY_NSHumanReadableCopyright = "Copyright © 2024 Logix. All rights reserved.";
				INFOPLIST_KEY_NSLocalNetworkUsageDescription = "Network usage required for debugging purposes ";
				LD_RUNPATH_SEARCH_PATHS = (
					"$(inherited)",
					"@executable_path/../Frameworks",
				);
				LOCALIZATION_PREFERS_STRING_CATALOGS = YES;
				MACOSX_DEPLOYMENT_TARGET = 14.2;
				MARKETING_VERSION = 1.0;
				MTL_FAST_MATH = YES;
				PRODUCT_BUNDLE_IDENTIFIER = vision.LogixPro;
				PRODUCT_NAME = "$(TARGET_NAME)";
				SDKROOT = macosx;
				SWIFT_COMPILATION_MODE = wholemodule;
				SWIFT_EMIT_LOC_STRINGS = YES;
				SWIFT_VERSION = 5.0;
			};
			name = Release;
		};
		52D6D98E1BEFF229002C0205 /* Debug */ = {
			isa = XCBuildConfiguration;
			buildSettings = {
				ALWAYS_SEARCH_USER_PATHS = NO;
				CLANG_ANALYZER_LOCALIZABILITY_NONLOCALIZED = YES;
				CLANG_CXX_LANGUAGE_STANDARD = "gnu++0x";
				CLANG_CXX_LIBRARY = "libc++";
				CLANG_ENABLE_MODULES = YES;
				CLANG_ENABLE_OBJC_ARC = YES;
				CLANG_WARN_BLOCK_CAPTURE_AUTORELEASING = YES;
				CLANG_WARN_BOOL_CONVERSION = YES;
				CLANG_WARN_COMMA = YES;
				CLANG_WARN_CONSTANT_CONVERSION = YES;
				CLANG_WARN_DEPRECATED_OBJC_IMPLEMENTATIONS = YES;
				CLANG_WARN_DIRECT_OBJC_ISA_USAGE = YES_ERROR;
				CLANG_WARN_EMPTY_BODY = YES;
				CLANG_WARN_ENUM_CONVERSION = YES;
				CLANG_WARN_INFINITE_RECURSION = YES;
				CLANG_WARN_INT_CONVERSION = YES;
				CLANG_WARN_NON_LITERAL_NULL_CONVERSION = YES;
				CLANG_WARN_OBJC_IMPLICIT_RETAIN_SELF = YES;
				CLANG_WARN_OBJC_LITERAL_CONVERSION = YES;
				CLANG_WARN_OBJC_ROOT_CLASS = YES_ERROR;
				CLANG_WARN_RANGE_LOOP_ANALYSIS = YES;
				CLANG_WARN_STRICT_PROTOTYPES = YES;
				CLANG_WARN_SUSPICIOUS_MOVE = YES;
				CLANG_WARN_UNREACHABLE_CODE = YES;
				CLANG_WARN__DUPLICATE_METHOD_MATCH = YES;
				"CODE_SIGN_IDENTITY[sdk=iphoneos*]" = "iPhone Developer";
				COPY_PHASE_STRIP = NO;
				CURRENT_PROJECT_VERSION = 1;
				DEBUG_INFORMATION_FORMAT = dwarf;
				ENABLE_STRICT_OBJC_MSGSEND = YES;
				ENABLE_TESTABILITY = YES;
				GCC_C_LANGUAGE_STANDARD = gnu99;
				GCC_DYNAMIC_NO_PIC = NO;
				GCC_NO_COMMON_BLOCKS = YES;
				GCC_OPTIMIZATION_LEVEL = 0;
				GCC_PREPROCESSOR_DEFINITIONS = (
					"DEBUG=1",
					"$(inherited)",
				);
				GCC_WARN_64_TO_32_BIT_CONVERSION = YES;
				GCC_WARN_ABOUT_RETURN_TYPE = YES_ERROR;
				GCC_WARN_UNDECLARED_SELECTOR = YES;
				GCC_WARN_UNINITIALIZED_AUTOS = YES_AGGRESSIVE;
				GCC_WARN_UNUSED_FUNCTION = YES;
				GCC_WARN_UNUSED_VARIABLE = YES;
				IPHONEOS_DEPLOYMENT_TARGET = 9.0;
				MTL_ENABLE_DEBUG_INFO = YES;
				ONLY_ACTIVE_ARCH = YES;
				SDKROOT = iphoneos;
				SWIFT_OPTIMIZATION_LEVEL = "-Onone";
				SWIFT_VERSION = 5.0;
				TARGETED_DEVICE_FAMILY = "1,2";
				VERSIONING_SYSTEM = "apple-generic";
				VERSION_INFO_PREFIX = "";
			};
			name = Debug;
		};
		52D6D98F1BEFF229002C0205 /* Release */ = {
			isa = XCBuildConfiguration;
			buildSettings = {
				ALWAYS_SEARCH_USER_PATHS = NO;
				CLANG_ANALYZER_LOCALIZABILITY_NONLOCALIZED = YES;
				CLANG_CXX_LANGUAGE_STANDARD = "gnu++0x";
				CLANG_CXX_LIBRARY = "libc++";
				CLANG_ENABLE_MODULES = YES;
				CLANG_ENABLE_OBJC_ARC = YES;
				CLANG_WARN_BLOCK_CAPTURE_AUTORELEASING = YES;
				CLANG_WARN_BOOL_CONVERSION = YES;
				CLANG_WARN_COMMA = YES;
				CLANG_WARN_CONSTANT_CONVERSION = YES;
				CLANG_WARN_DEPRECATED_OBJC_IMPLEMENTATIONS = YES;
				CLANG_WARN_DIRECT_OBJC_ISA_USAGE = YES_ERROR;
				CLANG_WARN_EMPTY_BODY = YES;
				CLANG_WARN_ENUM_CONVERSION = YES;
				CLANG_WARN_INFINITE_RECURSION = YES;
				CLANG_WARN_INT_CONVERSION = YES;
				CLANG_WARN_NON_LITERAL_NULL_CONVERSION = YES;
				CLANG_WARN_OBJC_IMPLICIT_RETAIN_SELF = YES;
				CLANG_WARN_OBJC_LITERAL_CONVERSION = YES;
				CLANG_WARN_OBJC_ROOT_CLASS = YES_ERROR;
				CLANG_WARN_RANGE_LOOP_ANALYSIS = YES;
				CLANG_WARN_STRICT_PROTOTYPES = YES;
				CLANG_WARN_SUSPICIOUS_MOVE = YES;
				CLANG_WARN_UNREACHABLE_CODE = YES;
				CLANG_WARN__DUPLICATE_METHOD_MATCH = YES;
				"CODE_SIGN_IDENTITY[sdk=iphoneos*]" = "iPhone Developer";
				COPY_PHASE_STRIP = NO;
				CURRENT_PROJECT_VERSION = 1;
				DEBUG_INFORMATION_FORMAT = "dwarf-with-dsym";
				ENABLE_NS_ASSERTIONS = NO;
				ENABLE_STRICT_OBJC_MSGSEND = YES;
				GCC_C_LANGUAGE_STANDARD = gnu99;
				GCC_NO_COMMON_BLOCKS = YES;
				GCC_WARN_64_TO_32_BIT_CONVERSION = YES;
				GCC_WARN_ABOUT_RETURN_TYPE = YES_ERROR;
				GCC_WARN_UNDECLARED_SELECTOR = YES;
				GCC_WARN_UNINITIALIZED_AUTOS = YES_AGGRESSIVE;
				GCC_WARN_UNUSED_FUNCTION = YES;
				GCC_WARN_UNUSED_VARIABLE = YES;
				IPHONEOS_DEPLOYMENT_TARGET = 9.0;
				MTL_ENABLE_DEBUG_INFO = NO;
				SDKROOT = iphoneos;
				SWIFT_VERSION = 5.0;
				TARGETED_DEVICE_FAMILY = "1,2";
				VALIDATE_PRODUCT = YES;
				VERSIONING_SYSTEM = "apple-generic";
				VERSION_INFO_PREFIX = "";
			};
			name = Release;
		};
		52D6D9911BEFF229002C0205 /* Debug */ = {
			isa = XCBuildConfiguration;
			buildSettings = {
				ALWAYS_SEARCH_USER_PATHS = NO;
				APPLICATION_EXTENSION_API_ONLY = NO;
				CLANG_ALLOW_NON_MODULAR_INCLUDES_IN_FRAMEWORK_MODULES = YES;
				CLANG_ENABLE_MODULES = YES;
				CODE_SIGN_IDENTITY = "";
				"CODE_SIGN_IDENTITY[sdk=iphoneos*]" = "";
				CODE_SIGN_STYLE = Manual;
				DEFINES_MODULE = YES;
				DEVELOPMENT_TEAM = "";
				DYLIB_COMPATIBILITY_VERSION = 1;
				DYLIB_CURRENT_VERSION = 1;
				DYLIB_INSTALL_NAME_BASE = "@rpath";
				HEADER_SEARCH_PATHS = "";
				INFOPLIST_FILE = Configs/Logix.plist;
				INSTALL_PATH = "$(LOCAL_LIBRARY_DIR)/Frameworks";
				IPHONEOS_DEPLOYMENT_TARGET = 13.0;
				LD_RUNPATH_SEARCH_PATHS = (
					"$(inherited)",
					"@executable_path/Frameworks",
					"@loader_path/Frameworks",
				);
				MACH_O_TYPE = mh_dylib;
				MARKETING_VERSION = 1.6.6;
				MODULEMAP_FILE = "$(SRCROOT)/Sources/module.modulemap";
				ONLY_ACTIVE_ARCH = NO;
				OTHER_CFLAGS = "";
				OTHER_LDFLAGS = "";
				PRODUCT_BUNDLE_IDENTIFIER = "com.Logix.Logix-iOS";
				PRODUCT_NAME = "$(PROJECT_NAME)";
				PROVISIONING_PROFILE_SPECIFIER = "";
				PUBLIC_HEADERS_FOLDER_PATH = "$(CONTENTS_FOLDER_PATH)/Headers";
				SKIP_INSTALL = YES;
				SUPPORTED_PLATFORMS = "iphoneos iphonesimulator";
				SUPPORTS_MACCATALYST = YES;
				SWIFT_OBJC_BRIDGING_HEADER = "";
				SWIFT_OBJC_INTERFACE_HEADER_NAME = "$(PROJECT_NAME)-Swift.h";
				SWIFT_OPTIMIZATION_LEVEL = "-Onone";
				SWIFT_VERSION = 5.0;
				TARGETED_DEVICE_FAMILY = "1,2";
				USER_HEADER_SEARCH_PATHS = "";
				USE_HEADERMAP = YES;
			};
			name = Debug;
		};
		52D6D9921BEFF229002C0205 /* Release */ = {
			isa = XCBuildConfiguration;
			buildSettings = {
				ALWAYS_SEARCH_USER_PATHS = NO;
				APPLICATION_EXTENSION_API_ONLY = NO;
				CLANG_ALLOW_NON_MODULAR_INCLUDES_IN_FRAMEWORK_MODULES = YES;
				CLANG_ENABLE_MODULES = YES;
				CODE_SIGN_IDENTITY = "";
				"CODE_SIGN_IDENTITY[sdk=iphoneos*]" = "";
				CODE_SIGN_STYLE = Manual;
				DEFINES_MODULE = YES;
				DEVELOPMENT_TEAM = "";
				DYLIB_COMPATIBILITY_VERSION = 1;
				DYLIB_CURRENT_VERSION = 1;
				DYLIB_INSTALL_NAME_BASE = "@rpath";
				HEADER_SEARCH_PATHS = "";
				INFOPLIST_FILE = Configs/Logix.plist;
				INSTALL_PATH = "$(LOCAL_LIBRARY_DIR)/Frameworks";
				IPHONEOS_DEPLOYMENT_TARGET = 13.0;
				LD_RUNPATH_SEARCH_PATHS = (
					"$(inherited)",
					"@executable_path/Frameworks",
					"@loader_path/Frameworks",
				);
				MACH_O_TYPE = mh_dylib;
				MARKETING_VERSION = 1.6.6;
				MODULEMAP_FILE = "$(SRCROOT)/Sources/module.modulemap";
				OTHER_CFLAGS = "";
				OTHER_LDFLAGS = "";
				PRODUCT_BUNDLE_IDENTIFIER = "com.Logix.Logix-iOS";
				PRODUCT_NAME = "$(PROJECT_NAME)";
				PROVISIONING_PROFILE_SPECIFIER = "";
				PUBLIC_HEADERS_FOLDER_PATH = "$(CONTENTS_FOLDER_PATH)/Headers";
				SKIP_INSTALL = YES;
				SUPPORTED_PLATFORMS = "iphoneos iphonesimulator";
				SUPPORTS_MACCATALYST = YES;
				SWIFT_COMPILATION_MODE = wholemodule;
				SWIFT_OBJC_BRIDGING_HEADER = "";
				SWIFT_OBJC_INTERFACE_HEADER_NAME = "$(PROJECT_NAME)-Swift.h";
				SWIFT_OPTIMIZATION_LEVEL = "-O";
				SWIFT_VERSION = 5.0;
				TARGETED_DEVICE_FAMILY = "1,2";
				USER_HEADER_SEARCH_PATHS = "";
				USE_HEADERMAP = YES;
			};
			name = Release;
		};
/* End XCBuildConfiguration section */

/* Begin XCConfigurationList section */
		320CC29D2B912E12009F8735 /* Build configuration list for PBXNativeTarget "LogixDemo" */ = {
			isa = XCConfigurationList;
			buildConfigurations = (
				320CC29B2B912E12009F8735 /* Debug */,
				320CC29C2B912E12009F8735 /* Release */,
			);
			defaultConfigurationIsVisible = 0;
			defaultConfigurationName = Release;
		};
		320CC2BE2B91A50B009F8735 /* Build configuration list for PBXNativeTarget "LogixPro" */ = {
			isa = XCConfigurationList;
			buildConfigurations = (
				320CC2BF2B91A50B009F8735 /* Debug */,
				320CC2C02B91A50B009F8735 /* Release */,
			);
			defaultConfigurationIsVisible = 0;
			defaultConfigurationName = Release;
		};
		52D6D9761BEFF229002C0205 /* Build configuration list for PBXProject "Logix" */ = {
			isa = XCConfigurationList;
			buildConfigurations = (
				52D6D98E1BEFF229002C0205 /* Debug */,
				52D6D98F1BEFF229002C0205 /* Release */,
			);
			defaultConfigurationIsVisible = 0;
			defaultConfigurationName = Release;
		};
		52D6D9901BEFF229002C0205 /* Build configuration list for PBXNativeTarget "Logix-iOS" */ = {
			isa = XCConfigurationList;
			buildConfigurations = (
				52D6D9911BEFF229002C0205 /* Debug */,
				52D6D9921BEFF229002C0205 /* Release */,
			);
			defaultConfigurationIsVisible = 0;
			defaultConfigurationName = Release;
		};
/* End XCConfigurationList section */
	};
	rootObject = 52D6D9731BEFF229002C0205 /* Project object */;
}
